{
  "R": {
    "Version": "4.4.2",
    "Repositories": [
      {
        "Name": "CRAN",
        "URL": "https://packagemanager.posit.co/cran/latest"
      }
    ]
  },
  "Packages": {
    "AuxFunctions": {
      "Package": "AuxFunctions",
      "Version": "1.0.3",
      "Source": "GitHub",
      "RemoteType": "github",
      "RemoteHost": "api.github.com",
      "RemoteUsername": "TobiasLoga",
      "RemoteRepo": "AuxFunctions",
      "RemoteRef": "main",
      "RemoteSha": "53b5b739ada989bd0ea9262e966e0348f9aa0cb5",
      "Hash": "5e88f02714a28a181229e355757de46c"
    },
    "CliDaMon": {
      "Package": "CliDaMon",
      "Version": "1.1.1",
      "Source": "GitHub",
      "Remotes": "TobiasLoga/AuxFunctions",
      "RemoteType": "github",
      "RemoteHost": "api.github.com",
      "RemoteRepo": "CliDaMon",
      "RemoteUsername": "TobiasLoga",
      "RemoteRef": "HEAD",
      "RemoteSha": "5d7cf38bf918b8687b6b4a4b6ad1dca686a129b8",
      "Requirements": [
        "AuxFunctions"
      ],
      "Hash": "d1424a51b6ec4f4c0ee087aa8f434fa6"
    },
    "MobasyBuildingData": {
      "Package": "MobasyBuildingData",
      "Version": "0.1.6",
      "Source": "GitHub",
      "RemoteType": "github",
      "RemoteHost": "api.github.com",
      "RemoteRepo": "MobasyBuildingData",
      "RemoteUsername": "TobiasLoga",
      "RemoteRef": "HEAD",
      "RemoteSha": "402c26eebfa28af06b7ab7ea9632fe9d7aaec28c",
      "Requirements": [
        "R"
      ],
      "Hash": "1b3366dfc18797b0e3b1963db26d3a4e"
    },
    "clidamonger": {
      "Package": "clidamonger",
      "Version": "1.5.0",
      "Source": "Repository",
      "Repository": "RSPM",
      "Requirements": [
        "R"
      ],
      "Hash": "881d111672f67b43607132205627298a"
    },
    "renv": {
      "Package": "renv",
      "Version": "1.0.7",
      "Source": "Repository",
      "Repository": "CRAN",
      "Requirements": [
        "utils"
      ],
      "Hash": "397b7b2a265bc5a7a06852524dabae20"
    },
    "tabuladata": {
      "Package": "tabuladata",
      "Version": "0.1.1",
      "Source": "GitHub",
      "RemoteType": "github",
      "RemoteHost": "api.github.com",
      "RemoteRepo": "tabuladata",
      "RemoteUsername": "IWUGERMANY",
      "RemoteRef": "HEAD",
      "RemoteSha": "5860d085ba21ea3793fa38a896c044554b169814",
      "Requirements": [
        "R"
      ],
      "Hash": "d708cea9a39cd0e5ca642a4d95251cf7"
    }
  }
}
