{
  "R": {
    "Version": "4.4.0",
    "Repositories": [
      {
        "Name": "CRAN",
        "URL": "https://packagemanager.posit.co/cran/latest"
      }
    ]
  },
  "Packages": {
    "AuxFunctions": {
      "Package": "AuxFunctions",
      "Version": "0.1.0",
      "Source": "GitHub",
      "RemoteType": "github",
      "RemoteHost": "api.github.com",
      "RemoteUsername": "TobiasLoga",
      "RemoteRepo": "AuxFunctions",
      "RemoteRef": "main",
      "RemoteSha": "10a97ce6c99aa02d8632bb8df2fb7058a3a16254",
      "Hash": "c570c87834ec056398651f70dd2f0e57"
    },
    "CliDaMon": {
      "Package": "CliDaMon",
      "Version": "1.0.0",
      "Source": "GitHub",
      "Remotes": "TobiasLoga/AuxFunctions",
      "RemoteType": "github",
      "RemoteHost": "api.github.com",
      "RemoteRepo": "CliDaMon",
      "RemoteUsername": "TobiasLoga",
      "RemoteRef": "HEAD",
      "RemoteSha": "ba32c33bf036f6a7631817aa3c1145580c6f6ffc",
      "Requirements": [
        "AuxFunctions"
      ],
      "Hash": "875cdfaf2201884b79d523b8f007806b"
    },
    "MobasyBuildingData": {
      "Package": "MobasyBuildingData",
      "Version": "0.1.0",
      "Source": "GitHub",
      "RemoteType": "github",
      "RemoteHost": "api.github.com",
      "RemoteUsername": "TobiasLoga",
      "RemoteRepo": "MobasyBuildingData",
      "RemoteRef": "main",
      "RemoteSha": "39a11d439c1718b918987c149dd81ab45c1feaf2",
      "Hash": "5cd97a0073cdebfd1ad966b4e09a10d8"
    },
    "Rcpp": {
      "Package": "Rcpp",
      "Version": "1.0.12",
      "Source": "Repository",
      "Repository": "CRAN",
      "Requirements": [
        "methods",
        "utils"
      ],
      "Hash": "5ea2700d21e038ace58269ecdbeb9ec0"
    },
    "clidamonger": {
      "Package": "clidamonger",
      "Version": "1.1.0",
      "Source": "Repository",
      "Repository": "CRAN",
      "Requirements": [
        "R"
      ],
      "Hash": "913cca06caa2795d3c3591aa6d8219de"
    },
    "openxlsx": {
      "Package": "openxlsx",
      "Version": "4.2.5.2",
      "Source": "Repository",
      "Repository": "CRAN",
      "Requirements": [
        "R",
        "Rcpp",
        "grDevices",
        "methods",
        "stats",
        "stringi",
        "utils",
        "zip"
      ],
      "Hash": "c03b4c18d42da881fb8e15a085c2b9d6"
    },
    "renv": {
      "Package": "renv",
      "Version": "1.0.7",
      "Source": "Repository",
      "Repository": "CRAN",
      "Requirements": [
        "utils"
      ],
      "Hash": "397b7b2a265bc5a7a06852524dabae20"
    },
    "stringi": {
      "Package": "stringi",
      "Version": "1.8.3",
      "Source": "Repository",
      "Repository": "CRAN",
      "Requirements": [
        "R",
        "stats",
        "tools",
        "utils"
      ],
      "Hash": "058aebddea264f4c99401515182e656a"
    },
    "tabuladata": {
      "Package": "tabuladata",
      "Version": "0.0.0.9000",
      "Source": "GitHub",
      "RemoteType": "github",
      "RemoteHost": "api.github.com",
      "RemoteUsername": "IWUGERMANY",
      "RemoteRepo": "tabuladata",
      "RemoteRef": "main",
      "RemoteSha": "1af63fc09311afc13fc255380a6c5e9271a9c43b",
      "Hash": "9e03050252f052d013c23157dee9843d"
    },
    "zip": {
      "Package": "zip",
      "Version": "2.3.1",
      "Source": "Repository",
      "Repository": "CRAN",
      "Hash": "fcc4bd8e6da2d2011eb64a5e5cc685ab"
    }
  }
}
